// !$*UTF8*$!
{
	archiveVersion = 1;
	classes = {
	};
	objectVersion = 50;
	objects = {

/* Begin PBXBuildFile section */
		16223FAE2710D35F004D27D3 /* PeerTutorApp.swift in Sources */ = {isa = PBXBuildFile; fileRef = 16223FAD2710D35F004D27D3 /* PeerTutorApp.swift */; };
		16223FB02710D35F004D27D3 /* ContentView.swift in Sources */ = {isa = PBXBuildFile; fileRef = 16223FAF2710D35F004D27D3 /* ContentView.swift */; };
		16223FB22710D360004D27D3 /* Assets.xcassets in Resources */ = {isa = PBXBuildFile; fileRef = 16223FB12710D360004D27D3 /* Assets.xcassets */; };
		16223FB52710D360004D27D3 /* Preview Assets.xcassets in Resources */ = {isa = PBXBuildFile; fileRef = 16223FB42710D360004D27D3 /* Preview Assets.xcassets */; };
		166B76752715008B00A42930 /* PreviewProvider.swift in Sources */ = {isa = PBXBuildFile; fileRef = 166B76742715008B00A42930 /* PreviewProvider.swift */; };
		166B76772715009A00A42930 /* User.swift in Sources */ = {isa = PBXBuildFile; fileRef = 166B76762715009A00A42930 /* User.swift */; };
		166B7679271500AA00A42930 /* Course.swift in Sources */ = {isa = PBXBuildFile; fileRef = 166B7678271500AA00A42930 /* Course.swift */; };
		166B767B271500BD00A42930 /* Match.swift in Sources */ = {isa = PBXBuildFile; fileRef = 166B767A271500BD00A42930 /* Match.swift */; };
		166B767E2715032400A42930 /* Period.swift in Sources */ = {isa = PBXBuildFile; fileRef = 166B767D2715032400A42930 /* Period.swift */; };
		166B76802715117A00A42930 /* HomeView.swift in Sources */ = {isa = PBXBuildFile; fileRef = 166B767F2715117A00A42930 /* HomeView.swift */; };
		166B76852715128C00A42930 /* LearnRowView.swift in Sources */ = {isa = PBXBuildFile; fileRef = 166B76842715128C00A42930 /* LearnRowView.swift */; };
		166B76872715129500A42930 /* TeachRowView.swift in Sources */ = {isa = PBXBuildFile; fileRef = 166B76862715129500A42930 /* TeachRowView.swift */; };
		166B76892715162300A42930 /* HomeViewModel.swift in Sources */ = {isa = PBXBuildFile; fileRef = 166B76882715162300A42930 /* HomeViewModel.swift */; };
/* End PBXBuildFile section */

/* Begin PBXFileReference section */
		16223FAA2710D35F004D27D3 /* PeerTutor.app */ = {isa = PBXFileReference; explicitFileType = wrapper.application; includeInIndex = 0; path = PeerTutor.app; sourceTree = BUILT_PRODUCTS_DIR; };
		16223FAD2710D35F004D27D3 /* PeerTutorApp.swift */ = {isa = PBXFileReference; lastKnownFileType = sourcecode.swift; path = PeerTutorApp.swift; sourceTree = "<group>"; };
		16223FAF2710D35F004D27D3 /* ContentView.swift */ = {isa = PBXFileReference; lastKnownFileType = sourcecode.swift; path = ContentView.swift; sourceTree = "<group>"; };
		16223FB12710D360004D27D3 /* Assets.xcassets */ = {isa = PBXFileReference; lastKnownFileType = folder.assetcatalog; path = Assets.xcassets; sourceTree = "<group>"; };
		16223FB42710D360004D27D3 /* Preview Assets.xcassets */ = {isa = PBXFileReference; lastKnownFileType = folder.assetcatalog; path = "Preview Assets.xcassets"; sourceTree = "<group>"; };
		16223FB62710D360004D27D3 /* Info.plist */ = {isa = PBXFileReference; lastKnownFileType = text.plist.xml; path = Info.plist; sourceTree = "<group>"; };
		166B76742715008B00A42930 /* PreviewProvider.swift */ = {isa = PBXFileReference; lastKnownFileType = sourcecode.swift; path = PreviewProvider.swift; sourceTree = "<group>"; };
		166B76762715009A00A42930 /* User.swift */ = {isa = PBXFileReference; lastKnownFileType = sourcecode.swift; path = User.swift; sourceTree = "<group>"; };
		166B7678271500AA00A42930 /* Course.swift */ = {isa = PBXFileReference; lastKnownFileType = sourcecode.swift; path = Course.swift; sourceTree = "<group>"; };
		166B767A271500BD00A42930 /* Match.swift */ = {isa = PBXFileReference; lastKnownFileType = sourcecode.swift; path = Match.swift; sourceTree = "<group>"; };
		166B767D2715032400A42930 /* Period.swift */ = {isa = PBXFileReference; lastKnownFileType = sourcecode.swift; path = Period.swift; sourceTree = "<group>"; };
		166B767F2715117A00A42930 /* HomeView.swift */ = {isa = PBXFileReference; lastKnownFileType = sourcecode.swift; path = HomeView.swift; sourceTree = "<group>"; };
		166B76842715128C00A42930 /* LearnRowView.swift */ = {isa = PBXFileReference; lastKnownFileType = sourcecode.swift; path = LearnRowView.swift; sourceTree = "<group>"; };
		166B76862715129500A42930 /* TeachRowView.swift */ = {isa = PBXFileReference; lastKnownFileType = sourcecode.swift; path = TeachRowView.swift; sourceTree = "<group>"; };
		166B76882715162300A42930 /* HomeViewModel.swift */ = {isa = PBXFileReference; lastKnownFileType = sourcecode.swift; path = HomeViewModel.swift; sourceTree = "<group>"; };
/* End PBXFileReference section */

/* Begin PBXFrameworksBuildPhase section */
		16223FA72710D35F004D27D3 /* Frameworks */ = {
			isa = PBXFrameworksBuildPhase;
			buildActionMask = 2147483647;
			files = (
			);
			runOnlyForDeploymentPostprocessing = 0;
		};
/* End PBXFrameworksBuildPhase section */

/* Begin PBXGroup section */
		16223FA12710D35F004D27D3 = {
			isa = PBXGroup;
			children = (
				16223FAC2710D35F004D27D3 /* PeerTutor */,
				16223FAB2710D35F004D27D3 /* Products */,
			);
			sourceTree = "<group>";
		};
		16223FAB2710D35F004D27D3 /* Products */ = {
			isa = PBXGroup;
			children = (
				16223FAA2710D35F004D27D3 /* PeerTutor.app */,
			);
			name = Products;
			sourceTree = "<group>";
		};
		16223FAC2710D35F004D27D3 /* PeerTutor */ = {
			isa = PBXGroup;
			children = (
				16223FAD2710D35F004D27D3 /* PeerTutorApp.swift */,
				16223FAF2710D35F004D27D3 /* ContentView.swift */,
				16223FC127128A37004D27D3 /* Utilities */,
				166B76732715007000A42930 /* Extensions */,
				16223FBC2710D3D3004D27D3 /* Models */,
				16223FBE2710D3E2004D27D3 /* ViewModels */,
				16223FBD2710D3DE004D27D3 /* Views */,
				16223FB12710D360004D27D3 /* Assets.xcassets */,
				16223FB62710D360004D27D3 /* Info.plist */,
				16223FB32710D360004D27D3 /* Preview Content */,
			);
			path = PeerTutor;
			sourceTree = "<group>";
		};
		16223FB32710D360004D27D3 /* Preview Content */ = {
			isa = PBXGroup;
			children = (
				16223FB42710D360004D27D3 /* Preview Assets.xcassets */,
			);
			path = "Preview Content";
			sourceTree = "<group>";
		};
		16223FBC2710D3D3004D27D3 /* Models */ = {
			isa = PBXGroup;
			children = (
				166B76762715009A00A42930 /* User.swift */,
				166B767A271500BD00A42930 /* Match.swift */,
				166B7678271500AA00A42930 /* Course.swift */,
				166B767D2715032400A42930 /* Period.swift */,
			);
			path = Models;
			sourceTree = "<group>";
		};
		16223FBD2710D3DE004D27D3 /* Views */ = {
			isa = PBXGroup;
			children = (
				166B767F2715117A00A42930 /* HomeView.swift */,
				166B76842715128C00A42930 /* LearnRowView.swift */,
				166B76862715129500A42930 /* TeachRowView.swift */,
			);
			path = Views;
			sourceTree = "<group>";
		};
		16223FBE2710D3E2004D27D3 /* ViewModels */ = {
			isa = PBXGroup;
			children = (
				166B76882715162300A42930 /* HomeViewModel.swift */,
			);
			path = ViewModels;
			sourceTree = "<group>";
		};
		16223FC127128A37004D27D3 /* Utilities */ = {
			isa = PBXGroup;
			children = (
			);
			path = Utilities;
			sourceTree = "<group>";
		};
		166B76732715007000A42930 /* Extensions */ = {
			isa = PBXGroup;
			children = (
				166B76742715008B00A42930 /* PreviewProvider.swift */,
			);
			path = Extensions;
			sourceTree = "<group>";
		};
/* End PBXGroup section */

/* Begin PBXNativeTarget section */
		16223FA92710D35F004D27D3 /* PeerTutor */ = {
			isa = PBXNativeTarget;
			buildConfigurationList = 16223FB92710D360004D27D3 /* Build configuration list for PBXNativeTarget "PeerTutor" */;
			buildPhases = (
				16223FA62710D35F004D27D3 /* Sources */,
				16223FA72710D35F004D27D3 /* Frameworks */,
				16223FA82710D35F004D27D3 /* Resources */,
			);
			buildRules = (
			);
			dependencies = (
			);
			name = PeerTutor;
			productName = PeerTutor;
			productReference = 16223FAA2710D35F004D27D3 /* PeerTutor.app */;
			productType = "com.apple.product-type.application";
		};
/* End PBXNativeTarget section */

/* Begin PBXProject section */
		16223FA22710D35F004D27D3 /* Project object */ = {
			isa = PBXProject;
			attributes = {
				LastSwiftUpdateCheck = 1250;
				LastUpgradeCheck = 1250;
				TargetAttributes = {
					16223FA92710D35F004D27D3 = {
						CreatedOnToolsVersion = 12.5;
					};
				};
			};
			buildConfigurationList = 16223FA52710D35F004D27D3 /* Build configuration list for PBXProject "PeerTutor" */;
			compatibilityVersion = "Xcode 9.3";
			developmentRegion = en;
			hasScannedForEncodings = 0;
			knownRegions = (
				en,
				Base,
			);
			mainGroup = 16223FA12710D35F004D27D3;
			productRefGroup = 16223FAB2710D35F004D27D3 /* Products */;
			projectDirPath = "";
			projectRoot = "";
			targets = (
				16223FA92710D35F004D27D3 /* PeerTutor */,
			);
		};
/* End PBXProject section */

/* Begin PBXResourcesBuildPhase section */
		16223FA82710D35F004D27D3 /* Resources */ = {
			isa = PBXResourcesBuildPhase;
			buildActionMask = 2147483647;
			files = (
				16223FB52710D360004D27D3 /* Preview Assets.xcassets in Resources */,
				16223FB22710D360004D27D3 /* Assets.xcassets in Resources */,
			);
			runOnlyForDeploymentPostprocessing = 0;
		};
/* End PBXResourcesBuildPhase section */

/* Begin PBXSourcesBuildPhase section */
		16223FA62710D35F004D27D3 /* Sources */ = {
			isa = PBXSourcesBuildPhase;
			buildActionMask = 2147483647;
			files = (
				166B7679271500AA00A42930 /* Course.swift in Sources */,
				166B76892715162300A42930 /* HomeViewModel.swift in Sources */,
				166B76752715008B00A42930 /* PreviewProvider.swift in Sources */,
				16223FB02710D35F004D27D3 /* ContentView.swift in Sources */,
				166B76872715129500A42930 /* TeachRowView.swift in Sources */,
				166B76772715009A00A42930 /* User.swift in Sources */,
				166B76852715128C00A42930 /* LearnRowView.swift in Sources */,
				16223FAE2710D35F004D27D3 /* PeerTutorApp.swift in Sources */,
				166B76802715117A00A42930 /* HomeView.swift in Sources */,
				166B767B271500BD00A42930 /* Match.swift in Sources */,
				166B767E2715032400A42930 /* Period.swift in Sources */,
			);
			runOnlyForDeploymentPostprocessing = 0;
		};
/* End PBXSourcesBuildPhase section */

/* Begin XCBuildConfiguration section */
		16223FB72710D360004D27D3 /* Debug */ = {
			isa = XCBuildConfiguration;
			buildSettings = {
				ALWAYS_SEARCH_USER_PATHS = NO;
				CLANG_ANALYZER_NONNULL = YES;
				CLANG_ANALYZER_NUMBER_OBJECT_CONVERSION = YES_AGGRESSIVE;
				CLANG_CXX_LANGUAGE_STANDARD = "gnu++14";
				CLANG_CXX_LIBRARY = "libc++";
				CLANG_ENABLE_MODULES = YES;
				CLANG_ENABLE_OBJC_ARC = YES;
				CLANG_ENABLE_OBJC_WEAK = YES;
				CLANG_WARN_BLOCK_CAPTURE_AUTORELEASING = YES;
				CLANG_WARN_BOOL_CONVERSION = YES;
				CLANG_WARN_COMMA = YES;
				CLANG_WARN_CONSTANT_CONVERSION = YES;
				CLANG_WARN_DEPRECATED_OBJC_IMPLEMENTATIONS = YES;
				CLANG_WARN_DIRECT_OBJC_ISA_USAGE = YES_ERROR;
				CLANG_WARN_DOCUMENTATION_COMMENTS = YES;
				CLANG_WARN_EMPTY_BODY = YES;
				CLANG_WARN_ENUM_CONVERSION = YES;
				CLANG_WARN_INFINITE_RECURSION = YES;
				CLANG_WARN_INT_CONVERSION = YES;
				CLANG_WARN_NON_LITERAL_NULL_CONVERSION = YES;
				CLANG_WARN_OBJC_IMPLICIT_RETAIN_SELF = YES;
				CLANG_WARN_OBJC_LITERAL_CONVERSION = YES;
				CLANG_WARN_OBJC_ROOT_CLASS = YES_ERROR;
				CLANG_WARN_QUOTED_INCLUDE_IN_FRAMEWORK_HEADER = YES;
				CLANG_WARN_RANGE_LOOP_ANALYSIS = YES;
				CLANG_WARN_STRICT_PROTOTYPES = YES;
				CLANG_WARN_SUSPICIOUS_MOVE = YES;
				CLANG_WARN_UNGUARDED_AVAILABILITY = YES_AGGRESSIVE;
				CLANG_WARN_UNREACHABLE_CODE = YES;
				CLANG_WARN__DUPLICATE_METHOD_MATCH = YES;
				COPY_PHASE_STRIP = NO;
				DEBUG_INFORMATION_FORMAT = dwarf;
				ENABLE_STRICT_OBJC_MSGSEND = YES;
				ENABLE_TESTABILITY = YES;
				GCC_C_LANGUAGE_STANDARD = gnu11;
				GCC_DYNAMIC_NO_PIC = NO;
				GCC_NO_COMMON_BLOCKS = YES;
				GCC_OPTIMIZATION_LEVEL = 0;
				GCC_PREPROCESSOR_DEFINITIONS = (
					"DEBUG=1",
					"$(inherited)",
				);
				GCC_WARN_64_TO_32_BIT_CONVERSION = YES;
				GCC_WARN_ABOUT_RETURN_TYPE = YES_ERROR;
				GCC_WARN_UNDECLARED_SELECTOR = YES;
				GCC_WARN_UNINITIALIZED_AUTOS = YES_AGGRESSIVE;
				GCC_WARN_UNUSED_FUNCTION = YES;
				GCC_WARN_UNUSED_VARIABLE = YES;
				IPHONEOS_DEPLOYMENT_TARGET = 14.5;
				MTL_ENABLE_DEBUG_INFO = INCLUDE_SOURCE;
				MTL_FAST_MATH = YES;
				ONLY_ACTIVE_ARCH = YES;
				SDKROOT = iphoneos;
				SWIFT_ACTIVE_COMPILATION_CONDITIONS = DEBUG;
				SWIFT_OPTIMIZATION_LEVEL = "-Onone";
			};
			name = Debug;
		};
		16223FB82710D360004D27D3 /* Release */ = {
			isa = XCBuildConfiguration;
			buildSettings = {
				ALWAYS_SEARCH_USER_PATHS = NO;
				CLANG_ANALYZER_NONNULL = YES;
				CLANG_ANALYZER_NUMBER_OBJECT_CONVERSION = YES_AGGRESSIVE;
				CLANG_CXX_LANGUAGE_STANDARD = "gnu++14";
				CLANG_CXX_LIBRARY = "libc++";
				CLANG_ENABLE_MODULES = YES;
				CLANG_ENABLE_OBJC_ARC = YES;
				CLANG_ENABLE_OBJC_WEAK = YES;
				CLANG_WARN_BLOCK_CAPTURE_AUTORELEASING = YES;
				CLANG_WARN_BOOL_CONVERSION = YES;
				CLANG_WARN_COMMA = YES;
				CLANG_WARN_CONSTANT_CONVERSION = YES;
				CLANG_WARN_DEPRECATED_OBJC_IMPLEMENTATIONS = YES;
				CLANG_WARN_DIRECT_OBJC_ISA_USAGE = YES_ERROR;
				CLANG_WARN_DOCUMENTATION_COMMENTS = YES;
				CLANG_WARN_EMPTY_BODY = YES;
				CLANG_WARN_ENUM_CONVERSION = YES;
				CLANG_WARN_INFINITE_RECURSION = YES;
				CLANG_WARN_INT_CONVERSION = YES;
				CLANG_WARN_NON_LITERAL_NULL_CONVERSION = YES;
				CLANG_WARN_OBJC_IMPLICIT_RETAIN_SELF = YES;
				CLANG_WARN_OBJC_LITERAL_CONVERSION = YES;
				CLANG_WARN_OBJC_ROOT_CLASS = YES_ERROR;
				CLANG_WARN_QUOTED_INCLUDE_IN_FRAMEWORK_HEADER = YES;
				CLANG_WARN_RANGE_LOOP_ANALYSIS = YES;
				CLANG_WARN_STRICT_PROTOTYPES = YES;
				CLANG_WARN_SUSPICIOUS_MOVE = YES;
				CLANG_WARN_UNGUARDED_AVAILABILITY = YES_AGGRESSIVE;
				CLANG_WARN_UNREACHABLE_CODE = YES;
				CLANG_WARN__DUPLICATE_METHOD_MATCH = YES;
				COPY_PHASE_STRIP = NO;
				DEBUG_INFORMATION_FORMAT = "dwarf-with-dsym";
				ENABLE_NS_ASSERTIONS = NO;
				ENABLE_STRICT_OBJC_MSGSEND = YES;
				GCC_C_LANGUAGE_STANDARD = gnu11;
				GCC_NO_COMMON_BLOCKS = YES;
				GCC_WARN_64_TO_32_BIT_CONVERSION = YES;
				GCC_WARN_ABOUT_RETURN_TYPE = YES_ERROR;
				GCC_WARN_UNDECLARED_SELECTOR = YES;
				GCC_WARN_UNINITIALIZED_AUTOS = YES_AGGRESSIVE;
				GCC_WARN_UNUSED_FUNCTION = YES;
				GCC_WARN_UNUSED_VARIABLE = YES;
				IPHONEOS_DEPLOYMENT_TARGET = 14.5;
				MTL_ENABLE_DEBUG_INFO = NO;
				MTL_FAST_MATH = YES;
				SDKROOT = iphoneos;
				SWIFT_COMPILATION_MODE = wholemodule;
				SWIFT_OPTIMIZATION_LEVEL = "-O";
				VALIDATE_PRODUCT = YES;
			};
			name = Release;
		};
		16223FBA2710D360004D27D3 /* Debug */ = {
			isa = XCBuildConfiguration;
			buildSettings = {
				ASSETCATALOG_COMPILER_APPICON_NAME = AppIcon;
				ASSETCATALOG_COMPILER_GLOBAL_ACCENT_COLOR_NAME = AccentColor;
				CODE_SIGN_STYLE = Automatic;
				DEVELOPMENT_ASSET_PATHS = "\"PeerTutor/Preview Content\"";
				DEVELOPMENT_TEAM = P5ST498MF7;
				ENABLE_PREVIEWS = YES;
				INFOPLIST_FILE = PeerTutor/Info.plist;
				IPHONEOS_DEPLOYMENT_TARGET = 14.0;
				LD_RUNPATH_SEARCH_PATHS = (
					"$(inherited)",
					"@executable_path/Frameworks",
				);
				PRODUCT_BUNDLE_IDENTIFIER = com.stevenyuser.PeerTutor;
				PRODUCT_NAME = "$(TARGET_NAME)";
				SWIFT_VERSION = 5.0;
				TARGETED_DEVICE_FAMILY = "1,2";
			};
			name = Debug;
		};
		16223FBB2710D360004D27D3 /* Release */ = {
			isa = XCBuildConfiguration;
			buildSettings = {
				ASSETCATALOG_COMPILER_APPICON_NAME = AppIcon;
				ASSETCATALOG_COMPILER_GLOBAL_ACCENT_COLOR_NAME = AccentColor;
				CODE_SIGN_STYLE = Automatic;
				DEVELOPMENT_ASSET_PATHS = "\"PeerTutor/Preview Content\"";
				DEVELOPMENT_TEAM = P5ST498MF7;
				ENABLE_PREVIEWS = YES;
				INFOPLIST_FILE = PeerTutor/Info.plist;
				IPHONEOS_DEPLOYMENT_TARGET = 14.0;
				LD_RUNPATH_SEARCH_PATHS = (
					"$(inherited)",
					"@executable_path/Frameworks",
				);
				PRODUCT_BUNDLE_IDENTIFIER = com.stevenyuser.PeerTutor;
				PRODUCT_NAME = "$(TARGET_NAME)";
				SWIFT_VERSION = 5.0;
				TARGETED_DEVICE_FAMILY = "1,2";
			};
			name = Release;
		};
/* End XCBuildConfiguration section */

/* Begin XCConfigurationList section */
		16223FA52710D35F004D27D3 /* Build configuration list for PBXProject "PeerTutor" */ = {
			isa = XCConfigurationList;
			buildConfigurations = (
				16223FB72710D360004D27D3 /* Debug */,
				16223FB82710D360004D27D3 /* Release */,
			);
			defaultConfigurationIsVisible = 0;
			defaultConfigurationName = Release;
		};
		16223FB92710D360004D27D3 /* Build configuration list for PBXNativeTarget "PeerTutor" */ = {
			isa = XCConfigurationList;
			buildConfigurations = (
				16223FBA2710D360004D27D3 /* Debug */,
				16223FBB2710D360004D27D3 /* Release */,
			);
			defaultConfigurationIsVisible = 0;
			defaultConfigurationName = Release;
		};
/* End XCConfigurationList section */
	};
	rootObject = 16223FA22710D35F004D27D3 /* Project object */;
}
