// !$*UTF8*$!
{
	archiveVersion = 1;
	classes = {
	};
	objectVersion = 52;
	objects = {

/* Begin PBXBuildFile section */
		16223FAE2710D35F004D27D3 /* PeerTutorApp.swift in Sources */ = {isa = PBXBuildFile; fileRef = 16223FAD2710D35F004D27D3 /* PeerTutorApp.swift */; };
		16223FB22710D360004D27D3 /* Assets.xcassets in Resources */ = {isa = PBXBuildFile; fileRef = 16223FB12710D360004D27D3 /* Assets.xcassets */; };
		16223FB52710D360004D27D3 /* Preview Assets.xcassets in Resources */ = {isa = PBXBuildFile; fileRef = 16223FB42710D360004D27D3 /* Preview Assets.xcassets */; };
		164A769B2727147800BE0201 /* Messages.swift in Sources */ = {isa = PBXBuildFile; fileRef = 164A769A2727147800BE0201 /* Messages.swift */; };
		164A769D2727170E00BE0201 /* APIManager.swift in Sources */ = {isa = PBXBuildFile; fileRef = 164A769C2727170E00BE0201 /* APIManager.swift */; };
		164A76A42727270100BE0201 /* AboutView.swift in Sources */ = {isa = PBXBuildFile; fileRef = 164A76A32727270100BE0201 /* AboutView.swift */; };
		164B364C272A1A9D000CC561 /* ButtonView.swift in Sources */ = {isa = PBXBuildFile; fileRef = 164B364B272A1A9D000CC561 /* ButtonView.swift */; };
		16561355271F047D004BFAEC /* AuthenticationViewModel.swift in Sources */ = {isa = PBXBuildFile; fileRef = 16561354271F047D004BFAEC /* AuthenticationViewModel.swift */; };
		166B76752715008B00A42930 /* PreviewProvider.swift in Sources */ = {isa = PBXBuildFile; fileRef = 166B76742715008B00A42930 /* PreviewProvider.swift */; };
		166B76772715009A00A42930 /* User.swift in Sources */ = {isa = PBXBuildFile; fileRef = 166B76762715009A00A42930 /* User.swift */; };
		166B7679271500AA00A42930 /* Course.swift in Sources */ = {isa = PBXBuildFile; fileRef = 166B7678271500AA00A42930 /* Course.swift */; };
		166B767B271500BD00A42930 /* Match.swift in Sources */ = {isa = PBXBuildFile; fileRef = 166B767A271500BD00A42930 /* Match.swift */; };
		166B76922715226800A42930 /* MatchRequest.swift in Sources */ = {isa = PBXBuildFile; fileRef = 166B76912715226800A42930 /* MatchRequest.swift */; };
		167626FF27275B8500B15581 /* AuthenticationView.swift in Sources */ = {isa = PBXBuildFile; fileRef = 167626FE27275B8500B15581 /* AuthenticationView.swift */; };
		16B1C7B7271CB1AF008B34A3 /* HomeView.swift in Sources */ = {isa = PBXBuildFile; fileRef = 16B1C7B6271CB1AF008B34A3 /* HomeView.swift */; };
		16B1C7B9271CB1CB008B34A3 /* Color.swift in Sources */ = {isa = PBXBuildFile; fileRef = 16B1C7B8271CB1CB008B34A3 /* Color.swift */; };
		16B1C7BD271CB852008B34A3 /* ContentView.swift in Sources */ = {isa = PBXBuildFile; fileRef = 16B1C7BC271CB852008B34A3 /* ContentView.swift */; };
		16B1C7BF271CB884008B34A3 /* HomeViewModel.swift in Sources */ = {isa = PBXBuildFile; fileRef = 16B1C7BE271CB884008B34A3 /* HomeViewModel.swift */; };
		16B1C7C2271CBB38008B34A3 /* LogoView.swift in Sources */ = {isa = PBXBuildFile; fileRef = 16B1C7C1271CBB38008B34A3 /* LogoView.swift */; };
		16B1C7C4271CC01E008B34A3 /* MenuTabView.swift in Sources */ = {isa = PBXBuildFile; fileRef = 16B1C7C3271CC01E008B34A3 /* MenuTabView.swift */; };
		16B1C7C7271CC7B7008B34A3 /* Networking in Frameworks */ = {isa = PBXBuildFile; productRef = 16B1C7C6271CC7B7008B34A3 /* Networking */; };
		16C6E5B8271EF871009A4F05 /* WelcomeView.swift in Sources */ = {isa = PBXBuildFile; fileRef = 16C6E5B7271EF871009A4F05 /* WelcomeView.swift */; };
		16E97E81272499EC0011C351 /* UserManager.swift in Sources */ = {isa = PBXBuildFile; fileRef = 16E97E80272499EC0011C351 /* UserManager.swift */; };
/* End PBXBuildFile section */

/* Begin PBXFileReference section */
		16223FAA2710D35F004D27D3 /* PeerTutor.app */ = {isa = PBXFileReference; explicitFileType = wrapper.application; includeInIndex = 0; path = PeerTutor.app; sourceTree = BUILT_PRODUCTS_DIR; };
		16223FAD2710D35F004D27D3 /* PeerTutorApp.swift */ = {isa = PBXFileReference; lastKnownFileType = sourcecode.swift; path = PeerTutorApp.swift; sourceTree = "<group>"; };
		16223FB12710D360004D27D3 /* Assets.xcassets */ = {isa = PBXFileReference; lastKnownFileType = folder.assetcatalog; path = Assets.xcassets; sourceTree = "<group>"; };
		16223FB42710D360004D27D3 /* Preview Assets.xcassets */ = {isa = PBXFileReference; lastKnownFileType = folder.assetcatalog; path = "Preview Assets.xcassets"; sourceTree = "<group>"; };
		16223FB62710D360004D27D3 /* Info.plist */ = {isa = PBXFileReference; lastKnownFileType = text.plist.xml; path = Info.plist; sourceTree = "<group>"; };
		164A769A2727147800BE0201 /* Messages.swift */ = {isa = PBXFileReference; lastKnownFileType = sourcecode.swift; path = Messages.swift; sourceTree = "<group>"; };
		164A769C2727170E00BE0201 /* APIManager.swift */ = {isa = PBXFileReference; lastKnownFileType = sourcecode.swift; path = APIManager.swift; sourceTree = "<group>"; };
		164A76A32727270100BE0201 /* AboutView.swift */ = {isa = PBXFileReference; lastKnownFileType = sourcecode.swift; path = AboutView.swift; sourceTree = "<group>"; };
		164B364B272A1A9D000CC561 /* ButtonView.swift */ = {isa = PBXFileReference; lastKnownFileType = sourcecode.swift; path = ButtonView.swift; sourceTree = "<group>"; };
		16561354271F047D004BFAEC /* AuthenticationViewModel.swift */ = {isa = PBXFileReference; lastKnownFileType = sourcecode.swift; path = AuthenticationViewModel.swift; sourceTree = "<group>"; };
		166B76742715008B00A42930 /* PreviewProvider.swift */ = {isa = PBXFileReference; lastKnownFileType = sourcecode.swift; path = PreviewProvider.swift; sourceTree = "<group>"; };
		166B76762715009A00A42930 /* User.swift */ = {isa = PBXFileReference; lastKnownFileType = sourcecode.swift; path = User.swift; sourceTree = "<group>"; };
		166B7678271500AA00A42930 /* Course.swift */ = {isa = PBXFileReference; lastKnownFileType = sourcecode.swift; path = Course.swift; sourceTree = "<group>"; };
		166B767A271500BD00A42930 /* Match.swift */ = {isa = PBXFileReference; lastKnownFileType = sourcecode.swift; path = Match.swift; sourceTree = "<group>"; };
		166B76912715226800A42930 /* MatchRequest.swift */ = {isa = PBXFileReference; lastKnownFileType = sourcecode.swift; path = MatchRequest.swift; sourceTree = "<group>"; };
		167626FE27275B8500B15581 /* AuthenticationView.swift */ = {isa = PBXFileReference; lastKnownFileType = sourcecode.swift; path = AuthenticationView.swift; sourceTree = "<group>"; };
		16B1C7B6271CB1AF008B34A3 /* HomeView.swift */ = {isa = PBXFileReference; lastKnownFileType = sourcecode.swift; path = HomeView.swift; sourceTree = "<group>"; };
		16B1C7B8271CB1CB008B34A3 /* Color.swift */ = {isa = PBXFileReference; lastKnownFileType = sourcecode.swift; path = Color.swift; sourceTree = "<group>"; };
		16B1C7BC271CB852008B34A3 /* ContentView.swift */ = {isa = PBXFileReference; lastKnownFileType = sourcecode.swift; path = ContentView.swift; sourceTree = "<group>"; };
		16B1C7BE271CB884008B34A3 /* HomeViewModel.swift */ = {isa = PBXFileReference; lastKnownFileType = sourcecode.swift; path = HomeViewModel.swift; sourceTree = "<group>"; };
		16B1C7C1271CBB38008B34A3 /* LogoView.swift */ = {isa = PBXFileReference; lastKnownFileType = sourcecode.swift; path = LogoView.swift; sourceTree = "<group>"; };
		16B1C7C3271CC01E008B34A3 /* MenuTabView.swift */ = {isa = PBXFileReference; lastKnownFileType = sourcecode.swift; path = MenuTabView.swift; sourceTree = "<group>"; };
		16C6E5B7271EF871009A4F05 /* WelcomeView.swift */ = {isa = PBXFileReference; lastKnownFileType = sourcecode.swift; path = WelcomeView.swift; sourceTree = "<group>"; };
		16E97E80272499EC0011C351 /* UserManager.swift */ = {isa = PBXFileReference; lastKnownFileType = sourcecode.swift; path = UserManager.swift; sourceTree = "<group>"; };
/* End PBXFileReference section */

/* Begin PBXFrameworksBuildPhase section */
		16223FA72710D35F004D27D3 /* Frameworks */ = {
			isa = PBXFrameworksBuildPhase;
			buildActionMask = 2147483647;
			files = (
				16B1C7C7271CC7B7008B34A3 /* Networking in Frameworks */,
			);
			runOnlyForDeploymentPostprocessing = 0;
		};
/* End PBXFrameworksBuildPhase section */

/* Begin PBXGroup section */
		16223FA12710D35F004D27D3 = {
			isa = PBXGroup;
			children = (
				16223FAC2710D35F004D27D3 /* PeerTutor */,
				16223FAB2710D35F004D27D3 /* Products */,
			);
			sourceTree = "<group>";
		};
		16223FAB2710D35F004D27D3 /* Products */ = {
			isa = PBXGroup;
			children = (
				16223FAA2710D35F004D27D3 /* PeerTutor.app */,
			);
			name = Products;
			sourceTree = "<group>";
		};
		16223FAC2710D35F004D27D3 /* PeerTutor */ = {
			isa = PBXGroup;
			children = (
				16223FAD2710D35F004D27D3 /* PeerTutorApp.swift */,
				16B1C7BC271CB852008B34A3 /* ContentView.swift */,
				166B76732715007000A42930 /* Extensions */,
				16B1C7C8271CC8B9008B34A3 /* Services */,
				16223FBC2710D3D3004D27D3 /* Models */,
				164A769F272725BE00BE0201 /* Core */,
				16223FB12710D360004D27D3 /* Assets.xcassets */,
				16223FB62710D360004D27D3 /* Info.plist */,
				16223FB32710D360004D27D3 /* Preview Content */,
			);
			path = PeerTutor;
			sourceTree = "<group>";
		};
		16223FB32710D360004D27D3 /* Preview Content */ = {
			isa = PBXGroup;
			children = (
				16223FB42710D360004D27D3 /* Preview Assets.xcassets */,
			);
			path = "Preview Content";
			sourceTree = "<group>";
		};
		16223FBC2710D3D3004D27D3 /* Models */ = {
			isa = PBXGroup;
			children = (
				166B76762715009A00A42930 /* User.swift */,
				166B767A271500BD00A42930 /* Match.swift */,
				166B76912715226800A42930 /* MatchRequest.swift */,
				166B7678271500AA00A42930 /* Course.swift */,
				164A769A2727147800BE0201 /* Messages.swift */,
			);
			path = Models;
			sourceTree = "<group>";
		};
		164A769E2727258C00BE0201 /* Home */ = {
			isa = PBXGroup;
			children = (
				16B1C7B4271CB176008B34A3 /* ViewModels */,
				16B1C7B3271CB172008B34A3 /* Views */,
			);
			path = Home;
			sourceTree = "<group>";
		};
		164A769F272725BE00BE0201 /* Core */ = {
			isa = PBXGroup;
			children = (
				16B1C7C0271CBB16008B34A3 /* Components */,
				164A769E2727258C00BE0201 /* Home */,
				164A76A0272725EE00BE0201 /* Onboarding */,
			);
			path = Core;
			sourceTree = "<group>";
		};
		164A76A0272725EE00BE0201 /* Onboarding */ = {
			isa = PBXGroup;
			children = (
				164A76A12727260800BE0201 /* ViewModels */,
				164A76A22727260D00BE0201 /* Views */,
			);
			path = Onboarding;
			sourceTree = "<group>";
		};
		164A76A12727260800BE0201 /* ViewModels */ = {
			isa = PBXGroup;
			children = (
				16561354271F047D004BFAEC /* AuthenticationViewModel.swift */,
			);
			path = ViewModels;
			sourceTree = "<group>";
		};
		164A76A22727260D00BE0201 /* Views */ = {
			isa = PBXGroup;
			children = (
				16C6E5B7271EF871009A4F05 /* WelcomeView.swift */,
				167626FE27275B8500B15581 /* AuthenticationView.swift */,
			);
			path = Views;
			sourceTree = "<group>";
		};
		166B76732715007000A42930 /* Extensions */ = {
			isa = PBXGroup;
			children = (
				166B76742715008B00A42930 /* PreviewProvider.swift */,
				16B1C7B8271CB1CB008B34A3 /* Color.swift */,
			);
			path = Extensions;
			sourceTree = "<group>";
		};
		16B1C7B3271CB172008B34A3 /* Views */ = {
			isa = PBXGroup;
			children = (
				16B1C7B6271CB1AF008B34A3 /* HomeView.swift */,
				164A76A32727270100BE0201 /* AboutView.swift */,
			);
			path = Views;
			sourceTree = "<group>";
		};
		16B1C7B4271CB176008B34A3 /* ViewModels */ = {
			isa = PBXGroup;
			children = (
				16B1C7BE271CB884008B34A3 /* HomeViewModel.swift */,
			);
			path = ViewModels;
			sourceTree = "<group>";
		};
		16B1C7C0271CBB16008B34A3 /* Components */ = {
			isa = PBXGroup;
			children = (
				16B1C7C1271CBB38008B34A3 /* LogoView.swift */,
				16B1C7C3271CC01E008B34A3 /* MenuTabView.swift */,
				164B364B272A1A9D000CC561 /* ButtonView.swift */,
			);
			path = Components;
			sourceTree = "<group>";
		};
		16B1C7C8271CC8B9008B34A3 /* Services */ = {
			isa = PBXGroup;
			children = (
				164A769C2727170E00BE0201 /* APIManager.swift */,
				16E97E80272499EC0011C351 /* UserManager.swift */,
			);
			path = Services;
			sourceTree = "<group>";
		};
/* End PBXGroup section */

/* Begin PBXNativeTarget section */
		16223FA92710D35F004D27D3 /* PeerTutor */ = {
			isa = PBXNativeTarget;
			buildConfigurationList = 16223FB92710D360004D27D3 /* Build configuration list for PBXNativeTarget "PeerTutor" */;
			buildPhases = (
				16223FA62710D35F004D27D3 /* Sources */,
				16223FA72710D35F004D27D3 /* Frameworks */,
				16223FA82710D35F004D27D3 /* Resources */,
			);
			buildRules = (
			);
			dependencies = (
			);
			name = PeerTutor;
			packageProductDependencies = (
				16B1C7C6271CC7B7008B34A3 /* Networking */,
			);
			productName = PeerTutor;
			productReference = 16223FAA2710D35F004D27D3 /* PeerTutor.app */;
			productType = "com.apple.product-type.application";
		};
/* End PBXNativeTarget section */

/* Begin PBXProject section */
		16223FA22710D35F004D27D3 /* Project object */ = {
			isa = PBXProject;
			attributes = {
				LastSwiftUpdateCheck = 1250;
				LastUpgradeCheck = 1250;
				TargetAttributes = {
					16223FA92710D35F004D27D3 = {
						CreatedOnToolsVersion = 12.5;
					};
				};
			};
			buildConfigurationList = 16223FA52710D35F004D27D3 /* Build configuration list for PBXProject "PeerTutor" */;
			compatibilityVersion = "Xcode 9.3";
			developmentRegion = en;
			hasScannedForEncodings = 0;
			knownRegions = (
				en,
				Base,
			);
			mainGroup = 16223FA12710D35F004D27D3;
			packageReferences = (
				16B1C7C5271CC7B7008B34A3 /* XCRemoteSwiftPackageReference "Networking" */,
			);
			productRefGroup = 16223FAB2710D35F004D27D3 /* Products */;
			projectDirPath = "";
			projectRoot = "";
			targets = (
				16223FA92710D35F004D27D3 /* PeerTutor */,
			);
		};
/* End PBXProject section */

/* Begin PBXResourcesBuildPhase section */
		16223FA82710D35F004D27D3 /* Resources */ = {
			isa = PBXResourcesBuildPhase;
			buildActionMask = 2147483647;
			files = (
				16223FB52710D360004D27D3 /* Preview Assets.xcassets in Resources */,
				16223FB22710D360004D27D3 /* Assets.xcassets in Resources */,
			);
			runOnlyForDeploymentPostprocessing = 0;
		};
/* End PBXResourcesBuildPhase section */

/* Begin PBXSourcesBuildPhase section */
		16223FA62710D35F004D27D3 /* Sources */ = {
			isa = PBXSourcesBuildPhase;
			buildActionMask = 2147483647;
			files = (
				166B76922715226800A42930 /* MatchRequest.swift in Sources */,
				164A769B2727147800BE0201 /* Messages.swift in Sources */,
				16B1C7B7271CB1AF008B34A3 /* HomeView.swift in Sources */,
				16B1C7C2271CBB38008B34A3 /* LogoView.swift in Sources */,
				164A76A42727270100BE0201 /* AboutView.swift in Sources */,
				16E97E81272499EC0011C351 /* UserManager.swift in Sources */,
				166B7679271500AA00A42930 /* Course.swift in Sources */,
				166B76752715008B00A42930 /* PreviewProvider.swift in Sources */,
				16561355271F047D004BFAEC /* AuthenticationViewModel.swift in Sources */,
				166B76772715009A00A42930 /* User.swift in Sources */,
				16B1C7BF271CB884008B34A3 /* HomeViewModel.swift in Sources */,
				16B1C7BD271CB852008B34A3 /* ContentView.swift in Sources */,
				167626FF27275B8500B15581 /* AuthenticationView.swift in Sources */,
				16B1C7B9271CB1CB008B34A3 /* Color.swift in Sources */,
				164A769D2727170E00BE0201 /* APIManager.swift in Sources */,
				16223FAE2710D35F004D27D3 /* PeerTutorApp.swift in Sources */,
				16B1C7C4271CC01E008B34A3 /* MenuTabView.swift in Sources */,
				16C6E5B8271EF871009A4F05 /* WelcomeView.swift in Sources */,
				166B767B271500BD00A42930 /* Match.swift in Sources */,
				164B364C272A1A9D000CC561 /* ButtonView.swift in Sources */,
			);
			runOnlyForDeploymentPostprocessing = 0;
		};
/* End PBXSourcesBuildPhase section */

/* Begin XCBuildConfiguration section */
		16223FB72710D360004D27D3 /* Debug */ = {
			isa = XCBuildConfiguration;
			buildSettings = {
				ALWAYS_SEARCH_USER_PATHS = NO;
				CLANG_ANALYZER_NONNULL = YES;
				CLANG_ANALYZER_NUMBER_OBJECT_CONVERSION = YES_AGGRESSIVE;
				CLANG_CXX_LANGUAGE_STANDARD = "gnu++14";
				CLANG_CXX_LIBRARY = "libc++";
				CLANG_ENABLE_MODULES = YES;
				CLANG_ENABLE_OBJC_ARC = YES;
				CLANG_ENABLE_OBJC_WEAK = YES;
				CLANG_WARN_BLOCK_CAPTURE_AUTORELEASING = YES;
				CLANG_WARN_BOOL_CONVERSION = YES;
				CLANG_WARN_COMMA = YES;
				CLANG_WARN_CONSTANT_CONVERSION = YES;
				CLANG_WARN_DEPRECATED_OBJC_IMPLEMENTATIONS = YES;
				CLANG_WARN_DIRECT_OBJC_ISA_USAGE = YES_ERROR;
				CLANG_WARN_DOCUMENTATION_COMMENTS = YES;
				CLANG_WARN_EMPTY_BODY = YES;
				CLANG_WARN_ENUM_CONVERSION = YES;
				CLANG_WARN_INFINITE_RECURSION = YES;
				CLANG_WARN_INT_CONVERSION = YES;
				CLANG_WARN_NON_LITERAL_NULL_CONVERSION = YES;
				CLANG_WARN_OBJC_IMPLICIT_RETAIN_SELF = YES;
				CLANG_WARN_OBJC_LITERAL_CONVERSION = YES;
				CLANG_WARN_OBJC_ROOT_CLASS = YES_ERROR;
				CLANG_WARN_QUOTED_INCLUDE_IN_FRAMEWORK_HEADER = YES;
				CLANG_WARN_RANGE_LOOP_ANALYSIS = YES;
				CLANG_WARN_STRICT_PROTOTYPES = YES;
				CLANG_WARN_SUSPICIOUS_MOVE = YES;
				CLANG_WARN_UNGUARDED_AVAILABILITY = YES_AGGRESSIVE;
				CLANG_WARN_UNREACHABLE_CODE = YES;
				CLANG_WARN__DUPLICATE_METHOD_MATCH = YES;
				COPY_PHASE_STRIP = NO;
				DEBUG_INFORMATION_FORMAT = dwarf;
				ENABLE_STRICT_OBJC_MSGSEND = YES;
				ENABLE_TESTABILITY = YES;
				GCC_C_LANGUAGE_STANDARD = gnu11;
				GCC_DYNAMIC_NO_PIC = NO;
				GCC_NO_COMMON_BLOCKS = YES;
				GCC_OPTIMIZATION_LEVEL = 0;
				GCC_PREPROCESSOR_DEFINITIONS = (
					"DEBUG=1",
					"$(inherited)",
				);
				GCC_WARN_64_TO_32_BIT_CONVERSION = YES;
				GCC_WARN_ABOUT_RETURN_TYPE = YES_ERROR;
				GCC_WARN_UNDECLARED_SELECTOR = YES;
				GCC_WARN_UNINITIALIZED_AUTOS = YES_AGGRESSIVE;
				GCC_WARN_UNUSED_FUNCTION = YES;
				GCC_WARN_UNUSED_VARIABLE = YES;
				IPHONEOS_DEPLOYMENT_TARGET = 14.5;
				MTL_ENABLE_DEBUG_INFO = INCLUDE_SOURCE;
				MTL_FAST_MATH = YES;
				ONLY_ACTIVE_ARCH = YES;
				SDKROOT = iphoneos;
				SWIFT_ACTIVE_COMPILATION_CONDITIONS = DEBUG;
				SWIFT_OPTIMIZATION_LEVEL = "-Onone";
			};
			name = Debug;
		};
		16223FB82710D360004D27D3 /* Release */ = {
			isa = XCBuildConfiguration;
			buildSettings = {
				ALWAYS_SEARCH_USER_PATHS = NO;
				CLANG_ANALYZER_NONNULL = YES;
				CLANG_ANALYZER_NUMBER_OBJECT_CONVERSION = YES_AGGRESSIVE;
				CLANG_CXX_LANGUAGE_STANDARD = "gnu++14";
				CLANG_CXX_LIBRARY = "libc++";
				CLANG_ENABLE_MODULES = YES;
				CLANG_ENABLE_OBJC_ARC = YES;
				CLANG_ENABLE_OBJC_WEAK = YES;
				CLANG_WARN_BLOCK_CAPTURE_AUTORELEASING = YES;
				CLANG_WARN_BOOL_CONVERSION = YES;
				CLANG_WARN_COMMA = YES;
				CLANG_WARN_CONSTANT_CONVERSION = YES;
				CLANG_WARN_DEPRECATED_OBJC_IMPLEMENTATIONS = YES;
				CLANG_WARN_DIRECT_OBJC_ISA_USAGE = YES_ERROR;
				CLANG_WARN_DOCUMENTATION_COMMENTS = YES;
				CLANG_WARN_EMPTY_BODY = YES;
				CLANG_WARN_ENUM_CONVERSION = YES;
				CLANG_WARN_INFINITE_RECURSION = YES;
				CLANG_WARN_INT_CONVERSION = YES;
				CLANG_WARN_NON_LITERAL_NULL_CONVERSION = YES;
				CLANG_WARN_OBJC_IMPLICIT_RETAIN_SELF = YES;
				CLANG_WARN_OBJC_LITERAL_CONVERSION = YES;
				CLANG_WARN_OBJC_ROOT_CLASS = YES_ERROR;
				CLANG_WARN_QUOTED_INCLUDE_IN_FRAMEWORK_HEADER = YES;
				CLANG_WARN_RANGE_LOOP_ANALYSIS = YES;
				CLANG_WARN_STRICT_PROTOTYPES = YES;
				CLANG_WARN_SUSPICIOUS_MOVE = YES;
				CLANG_WARN_UNGUARDED_AVAILABILITY = YES_AGGRESSIVE;
				CLANG_WARN_UNREACHABLE_CODE = YES;
				CLANG_WARN__DUPLICATE_METHOD_MATCH = YES;
				COPY_PHASE_STRIP = NO;
				DEBUG_INFORMATION_FORMAT = "dwarf-with-dsym";
				ENABLE_NS_ASSERTIONS = NO;
				ENABLE_STRICT_OBJC_MSGSEND = YES;
				GCC_C_LANGUAGE_STANDARD = gnu11;
				GCC_NO_COMMON_BLOCKS = YES;
				GCC_WARN_64_TO_32_BIT_CONVERSION = YES;
				GCC_WARN_ABOUT_RETURN_TYPE = YES_ERROR;
				GCC_WARN_UNDECLARED_SELECTOR = YES;
				GCC_WARN_UNINITIALIZED_AUTOS = YES_AGGRESSIVE;
				GCC_WARN_UNUSED_FUNCTION = YES;
				GCC_WARN_UNUSED_VARIABLE = YES;
				IPHONEOS_DEPLOYMENT_TARGET = 14.5;
				MTL_ENABLE_DEBUG_INFO = NO;
				MTL_FAST_MATH = YES;
				SDKROOT = iphoneos;
				SWIFT_COMPILATION_MODE = wholemodule;
				SWIFT_OPTIMIZATION_LEVEL = "-O";
				VALIDATE_PRODUCT = YES;
			};
			name = Release;
		};
		16223FBA2710D360004D27D3 /* Debug */ = {
			isa = XCBuildConfiguration;
			buildSettings = {
				ASSETCATALOG_COMPILER_APPICON_NAME = AppIcon;
				ASSETCATALOG_COMPILER_GLOBAL_ACCENT_COLOR_NAME = AccentColor;
				CODE_SIGN_STYLE = Automatic;
				DEVELOPMENT_ASSET_PATHS = "\"PeerTutor/Preview Content\"";
				DEVELOPMENT_TEAM = P5ST498MF7;
				ENABLE_PREVIEWS = YES;
				INFOPLIST_FILE = PeerTutor/Info.plist;
				IPHONEOS_DEPLOYMENT_TARGET = 14.0;
				LD_RUNPATH_SEARCH_PATHS = (
					"$(inherited)",
					"@executable_path/Frameworks",
				);
				PRODUCT_BUNDLE_IDENTIFIER = com.stevenyuser.PeerTutor;
				PRODUCT_NAME = "$(TARGET_NAME)";
				SWIFT_VERSION = 5.0;
				TARGETED_DEVICE_FAMILY = "1,2";
			};
			name = Debug;
		};
		16223FBB2710D360004D27D3 /* Release */ = {
			isa = XCBuildConfiguration;
			buildSettings = {
				ASSETCATALOG_COMPILER_APPICON_NAME = AppIcon;
				ASSETCATALOG_COMPILER_GLOBAL_ACCENT_COLOR_NAME = AccentColor;
				CODE_SIGN_STYLE = Automatic;
				DEVELOPMENT_ASSET_PATHS = "\"PeerTutor/Preview Content\"";
				DEVELOPMENT_TEAM = P5ST498MF7;
				ENABLE_PREVIEWS = YES;
				INFOPLIST_FILE = PeerTutor/Info.plist;
				IPHONEOS_DEPLOYMENT_TARGET = 14.0;
				LD_RUNPATH_SEARCH_PATHS = (
					"$(inherited)",
					"@executable_path/Frameworks",
				);
				PRODUCT_BUNDLE_IDENTIFIER = com.stevenyuser.PeerTutor;
				PRODUCT_NAME = "$(TARGET_NAME)";
				SWIFT_VERSION = 5.0;
				TARGETED_DEVICE_FAMILY = "1,2";
			};
			name = Release;
		};
/* End XCBuildConfiguration section */

/* Begin XCConfigurationList section */
		16223FA52710D35F004D27D3 /* Build configuration list for PBXProject "PeerTutor" */ = {
			isa = XCConfigurationList;
			buildConfigurations = (
				16223FB72710D360004D27D3 /* Debug */,
				16223FB82710D360004D27D3 /* Release */,
			);
			defaultConfigurationIsVisible = 0;
			defaultConfigurationName = Release;
		};
		16223FB92710D360004D27D3 /* Build configuration list for PBXNativeTarget "PeerTutor" */ = {
			isa = XCConfigurationList;
			buildConfigurations = (
				16223FBA2710D360004D27D3 /* Debug */,
				16223FBB2710D360004D27D3 /* Release */,
			);
			defaultConfigurationIsVisible = 0;
			defaultConfigurationName = Release;
		};
/* End XCConfigurationList section */

/* Begin XCRemoteSwiftPackageReference section */
		16B1C7C5271CC7B7008B34A3 /* XCRemoteSwiftPackageReference "Networking" */ = {
			isa = XCRemoteSwiftPackageReference;
			repositoryURL = "https://github.com/freshOS/Networking";
			requirement = {
				kind = upToNextMajorVersion;
				minimumVersion = 0.3.3;
			};
		};
/* End XCRemoteSwiftPackageReference section */

/* Begin XCSwiftPackageProductDependency section */
		16B1C7C6271CC7B7008B34A3 /* Networking */ = {
			isa = XCSwiftPackageProductDependency;
			package = 16B1C7C5271CC7B7008B34A3 /* XCRemoteSwiftPackageReference "Networking" */;
			productName = Networking;
		};
/* End XCSwiftPackageProductDependency section */
	};
	rootObject = 16223FA22710D35F004D27D3 /* Project object */;
}
